
Microsoft Visual Studio Solution File, Format Version 12.00
# Visual Studio Version 17
VisualStudioVersion = 17.6.33829.357
MinimumVisualStudioVersion = 10.0.40219.1
Project("{FAE04EC0-301F-11D3-BF4B-00C04F79EFBC}") = "routingMiddlewa", "routingMiddlewa\routingMiddlewa.csproj", "{BA0218E4-7195-472D-8389-EAB150269381}"
EndProject
Global
	GlobalSection(SolutionConfigurationPlatforms) = preSolution
		Debug|Any CPU = Debug|Any CPU
		Release|Any CPU = Release|Any CPU
	EndGlobalSection
	GlobalSection(ProjectConfigurationPlatforms) = postSolution
		{BA0218E4-7195-472D-8389-EAB150269381}.Debug|Any CPU.ActiveCfg = Debug|Any CPU
		{BA0218E4-7195-472D-8389-EAB150269381}.Debug|Any CPU.Build.0 = Debug|Any CPU
		{BA0218E4-7195-472D-8389-EAB150269381}.Release|Any CPU.ActiveCfg = Release|Any CPU
		{BA0218E4-7195-472D-8389-EAB150269381}.Release|Any CPU.Build.0 = Release|Any CPU
	EndGlobalSection
	GlobalSection(SolutionProperties) = preSolution
		HideSolutionNode = FALSE
	EndGlobalSection
	GlobalSection(ExtensibilityGlobals) = postSolution
		SolutionGuid = {6F4E963D-0321-48ED-B081-5782B578473A}
	EndGlobalSection
EndGlobal
